
Microsoft Visual Studio Solution File, Format Version 12.00
# Visual Studio Version 17
VisualStudioVersion = 17.13.35919.96 d17.13
MinimumVisualStudioVersion = 10.0.40219.1
Project("{FAE04EC0-301F-11D3-BF4B-00C04F79EFBC}") = "NebulaBus", "NebulaBus\NebulaBus.csproj", "{D67769B8-360A-47C7-BFF4-05AF469F6657}"
EndProject
Global
	GlobalSection(SolutionConfigurationPlatforms) = preSolution
		Debug|Any CPU = Debug|Any CPU
		Release|Any CPU = Release|Any CPU
	EndGlobalSection
	GlobalSection(ProjectConfigurationPlatforms) = postSolution
		{D67769B8-360A-47C7-BFF4-05AF469F6657}.Debug|Any CPU.ActiveCfg = Debug|Any CPU
		{D67769B8-360A-47C7-BFF4-05AF469F6657}.Debug|Any CPU.Build.0 = Debug|Any CPU
		{D67769B8-360A-47C7-BFF4-05AF469F6657}.Release|Any CPU.ActiveCfg = Release|Any CPU
		{D67769B8-360A-47C7-BFF4-05AF469F6657}.Release|Any CPU.Build.0 = Release|Any CPU
	EndGlobalSection
	GlobalSection(SolutionProperties) = preSolution
		HideSolutionNode = FALSE
	EndGlobalSection
	GlobalSection(ExtensibilityGlobals) = postSolution
		SolutionGuid = {855D751D-7811-4D9B-87C9-F628E17E3A56}
	EndGlobalSection
EndGlobal
