
Microsoft Visual Studio Solution File, Format Version 12.00
# Visual Studio Version 17
VisualStudioVersion = 17.13.35919.96
MinimumVisualStudioVersion = 10.0.40219.1
Project("{FAE04EC0-301F-11D3-BF4B-00C04F79EFBC}") = "NebulaBus", "NebulaBus\NebulaBus.csproj", "{D67769B8-360A-47C7-BFF4-05AF469F6657}"
EndProject
Project("{2150E333-8FDC-42A3-9474-1A3956D46DE8}") = "Samples", "Samples", "{02EA681E-C7D8-13C7-8484-4AC65E1B71E8}"
EndProject
Project("{FAE04EC0-301F-11D3-BF4B-00C04F79EFBC}") = "TestProject", "TestProject\TestProject.csproj", "{6AB1A90F-140B-475A-BFAC-6281C660F7C7}"
EndProject
Project("{FAE04EC0-301F-11D3-BF4B-00C04F79EFBC}") = "NebulaBus.Store.Redis", "NebulaBus.Store.Redis\NebulaBus.Store.Redis.csproj", "{654EBADC-5AF2-4BD0-9F34-743E54027CB0}"
EndProject
Project("{FAE04EC0-301F-11D3-BF4B-00C04F79EFBC}") = "NebulaBus.Transport.Rabbitmq", "NebulaBus.Transport.Rabbitmq\NebulaBus.Transport.Rabbitmq.csproj", "{EB5E147D-5552-4537-B616-8E2CC84D5578}"
EndProject
Project("{FAE04EC0-301F-11D3-BF4B-00C04F79EFBC}") = "NebulaBus.Store.Memory", "NebulaBus.Store.Memory\NebulaBus.Store.Memory.csproj", "{278A2895-59A0-433F-B8B0-3ECB8CF6C520}"
EndProject
Project("{FAE04EC0-301F-11D3-BF4B-00C04F79EFBC}") = "NebulaBus.Transport.Memory", "NebulaBus.Transport.Memory\NebulaBus.Transport.Memory.csproj", "{DF34F241-B737-494E-B14A-E4752DAAB066}"
EndProject
Project("{FAE04EC0-301F-11D3-BF4B-00C04F79EFBC}") = "NebulaBus.Store.Sql", "NebulaBus.Store.Sql\NebulaBus.Store.Sql.csproj", "{4A4309BF-26C8-4BA6-9ADA-DD84FF8ADD61}"
EndProject
Project("{FAE04EC0-301F-11D3-BF4B-00C04F79EFBC}") = "FullMemoryWebApiSample", "Samples\FullMemoryWebApiSample\FullMemoryWebApiSample.csproj", "{D7A1D51C-0DD3-195B-3F30-629A0163B1CF}"
EndProject
Project("{FAE04EC0-301F-11D3-BF4B-00C04F79EFBC}") = "LogicSamples", "Samples\LogicSamples\LogicSamples.csproj", "{861F8DD2-0F56-C908-23FB-3CE0BE3540C4}"
EndProject
Project("{FAE04EC0-301F-11D3-BF4B-00C04F79EFBC}") = "MessageLibrary", "Samples\MessageLibrary\MessageLibrary.csproj", "{29443FD1-189D-7E67-0FBB-C56BA626DF4A}"
EndProject
Project("{FAE04EC0-301F-11D3-BF4B-00C04F79EFBC}") = "RabbitmqWithRedisStoreWebApiSample", "Samples\RabbitmqWithRedisStoreWebApiSample\RabbitmqWithRedisStoreWebApiSample.csproj", "{1AE516DD-CA52-B0C3-5A18-F4BD600C4B00}"
EndProject
Project("{FAE04EC0-301F-11D3-BF4B-00C04F79EFBC}") = "RabbitmqWithSqlStoreWebApiSample", "Samples\RabbitmqWithSqlStoreWebApiSample\RabbitmqWithSqlStoreWebApiSample.csproj", "{82399565-6D26-D775-9F62-7B62A25BB43E}"
EndProject
Project("{FAE04EC0-301F-11D3-BF4B-00C04F79EFBC}") = "WebApplication.Controllers", "Samples\WebApplication.Controllers\WebApplication.Controllers.csproj", "{69C784EC-8C62-6580-7116-9134E79C77E8}"
EndProject
Global
	GlobalSection(SolutionConfigurationPlatforms) = preSolution
		Debug|Any CPU = Debug|Any CPU
		Release|Any CPU = Release|Any CPU
	EndGlobalSection
	GlobalSection(ProjectConfigurationPlatforms) = postSolution
		{D67769B8-360A-47C7-BFF4-05AF469F6657}.Debug|Any CPU.ActiveCfg = Debug|Any CPU
		{D67769B8-360A-47C7-BFF4-05AF469F6657}.Debug|Any CPU.Build.0 = Debug|Any CPU
		{D67769B8-360A-47C7-BFF4-05AF469F6657}.Release|Any CPU.ActiveCfg = Release|Any CPU
		{D67769B8-360A-47C7-BFF4-05AF469F6657}.Release|Any CPU.Build.0 = Release|Any CPU
		{6AB1A90F-140B-475A-BFAC-6281C660F7C7}.Debug|Any CPU.ActiveCfg = Debug|Any CPU
		{6AB1A90F-140B-475A-BFAC-6281C660F7C7}.Debug|Any CPU.Build.0 = Debug|Any CPU
		{6AB1A90F-140B-475A-BFAC-6281C660F7C7}.Release|Any CPU.ActiveCfg = Release|Any CPU
		{6AB1A90F-140B-475A-BFAC-6281C660F7C7}.Release|Any CPU.Build.0 = Release|Any CPU
		{654EBADC-5AF2-4BD0-9F34-743E54027CB0}.Debug|Any CPU.ActiveCfg = Debug|Any CPU
		{654EBADC-5AF2-4BD0-9F34-743E54027CB0}.Debug|Any CPU.Build.0 = Debug|Any CPU
		{654EBADC-5AF2-4BD0-9F34-743E54027CB0}.Release|Any CPU.ActiveCfg = Release|Any CPU
		{654EBADC-5AF2-4BD0-9F34-743E54027CB0}.Release|Any CPU.Build.0 = Release|Any CPU
		{EB5E147D-5552-4537-B616-8E2CC84D5578}.Debug|Any CPU.ActiveCfg = Debug|Any CPU
		{EB5E147D-5552-4537-B616-8E2CC84D5578}.Debug|Any CPU.Build.0 = Debug|Any CPU
		{EB5E147D-5552-4537-B616-8E2CC84D5578}.Release|Any CPU.ActiveCfg = Release|Any CPU
		{EB5E147D-5552-4537-B616-8E2CC84D5578}.Release|Any CPU.Build.0 = Release|Any CPU
		{278A2895-59A0-433F-B8B0-3ECB8CF6C520}.Debug|Any CPU.ActiveCfg = Debug|Any CPU
		{278A2895-59A0-433F-B8B0-3ECB8CF6C520}.Debug|Any CPU.Build.0 = Debug|Any CPU
		{278A2895-59A0-433F-B8B0-3ECB8CF6C520}.Release|Any CPU.ActiveCfg = Release|Any CPU
		{278A2895-59A0-433F-B8B0-3ECB8CF6C520}.Release|Any CPU.Build.0 = Release|Any CPU
		{DF34F241-B737-494E-B14A-E4752DAAB066}.Debug|Any CPU.ActiveCfg = Debug|Any CPU
		{DF34F241-B737-494E-B14A-E4752DAAB066}.Debug|Any CPU.Build.0 = Debug|Any CPU
		{DF34F241-B737-494E-B14A-E4752DAAB066}.Release|Any CPU.ActiveCfg = Release|Any CPU
		{DF34F241-B737-494E-B14A-E4752DAAB066}.Release|Any CPU.Build.0 = Release|Any CPU
		{4A4309BF-26C8-4BA6-9ADA-DD84FF8ADD61}.Debug|Any CPU.ActiveCfg = Debug|Any CPU
		{4A4309BF-26C8-4BA6-9ADA-DD84FF8ADD61}.Debug|Any CPU.Build.0 = Debug|Any CPU
		{4A4309BF-26C8-4BA6-9ADA-DD84FF8ADD61}.Release|Any CPU.ActiveCfg = Release|Any CPU
		{4A4309BF-26C8-4BA6-9ADA-DD84FF8ADD61}.Release|Any CPU.Build.0 = Release|Any CPU
		{D7A1D51C-0DD3-195B-3F30-629A0163B1CF}.Debug|Any CPU.ActiveCfg = Debug|Any CPU
		{D7A1D51C-0DD3-195B-3F30-629A0163B1CF}.Debug|Any CPU.Build.0 = Debug|Any CPU
		{D7A1D51C-0DD3-195B-3F30-629A0163B1CF}.Release|Any CPU.ActiveCfg = Release|Any CPU
		{D7A1D51C-0DD3-195B-3F30-629A0163B1CF}.Release|Any CPU.Build.0 = Release|Any CPU
		{861F8DD2-0F56-C908-23FB-3CE0BE3540C4}.Debug|Any CPU.ActiveCfg = Debug|Any CPU
		{861F8DD2-0F56-C908-23FB-3CE0BE3540C4}.Debug|Any CPU.Build.0 = Debug|Any CPU
		{861F8DD2-0F56-C908-23FB-3CE0BE3540C4}.Release|Any CPU.ActiveCfg = Release|Any CPU
		{861F8DD2-0F56-C908-23FB-3CE0BE3540C4}.Release|Any CPU.Build.0 = Release|Any CPU
		{29443FD1-189D-7E67-0FBB-C56BA626DF4A}.Debug|Any CPU.ActiveCfg = Debug|Any CPU
		{29443FD1-189D-7E67-0FBB-C56BA626DF4A}.Debug|Any CPU.Build.0 = Debug|Any CPU
		{29443FD1-189D-7E67-0FBB-C56BA626DF4A}.Release|Any CPU.ActiveCfg = Release|Any CPU
		{29443FD1-189D-7E67-0FBB-C56BA626DF4A}.Release|Any CPU.Build.0 = Release|Any CPU
		{1AE516DD-CA52-B0C3-5A18-F4BD600C4B00}.Debug|Any CPU.ActiveCfg = Debug|Any CPU
		{1AE516DD-CA52-B0C3-5A18-F4BD600C4B00}.Debug|Any CPU.Build.0 = Debug|Any CPU
		{1AE516DD-CA52-B0C3-5A18-F4BD600C4B00}.Release|Any CPU.ActiveCfg = Release|Any CPU
		{1AE516DD-CA52-B0C3-5A18-F4BD600C4B00}.Release|Any CPU.Build.0 = Release|Any CPU
		{82399565-6D26-D775-9F62-7B62A25BB43E}.Debug|Any CPU.ActiveCfg = Debug|Any CPU
		{82399565-6D26-D775-9F62-7B62A25BB43E}.Debug|Any CPU.Build.0 = Debug|Any CPU
		{82399565-6D26-D775-9F62-7B62A25BB43E}.Release|Any CPU.ActiveCfg = Release|Any CPU
		{82399565-6D26-D775-9F62-7B62A25BB43E}.Release|Any CPU.Build.0 = Release|Any CPU
		{69C784EC-8C62-6580-7116-9134E79C77E8}.Debug|Any CPU.ActiveCfg = Debug|Any CPU
		{69C784EC-8C62-6580-7116-9134E79C77E8}.Debug|Any CPU.Build.0 = Debug|Any CPU
		{69C784EC-8C62-6580-7116-9134E79C77E8}.Release|Any CPU.ActiveCfg = Release|Any CPU
		{69C784EC-8C62-6580-7116-9134E79C77E8}.Release|Any CPU.Build.0 = Release|Any CPU
	EndGlobalSection
	GlobalSection(SolutionProperties) = preSolution
		HideSolutionNode = FALSE
	EndGlobalSection
	GlobalSection(NestedProjects) = preSolution
		{D7A1D51C-0DD3-195B-3F30-629A0163B1CF} = {02EA681E-C7D8-13C7-8484-4AC65E1B71E8}
		{861F8DD2-0F56-C908-23FB-3CE0BE3540C4} = {02EA681E-C7D8-13C7-8484-4AC65E1B71E8}
		{29443FD1-189D-7E67-0FBB-C56BA626DF4A} = {02EA681E-C7D8-13C7-8484-4AC65E1B71E8}
		{1AE516DD-CA52-B0C3-5A18-F4BD600C4B00} = {02EA681E-C7D8-13C7-8484-4AC65E1B71E8}
		{82399565-6D26-D775-9F62-7B62A25BB43E} = {02EA681E-C7D8-13C7-8484-4AC65E1B71E8}
		{69C784EC-8C62-6580-7116-9134E79C77E8} = {02EA681E-C7D8-13C7-8484-4AC65E1B71E8}
	EndGlobalSection
	GlobalSection(ExtensibilityGlobals) = postSolution
		SolutionGuid = {855D751D-7811-4D9B-87C9-F628E17E3A56}
	EndGlobalSection
EndGlobal
